<Solution>
  <Folder Name="/Solution Items/">
    <File Path=".gitattributes" />
    <File Path=".gitignore" />
    <File Path="Diffing API Task.pdf" />
    <File Path="Diffing API Task.txt" />
    <File Path="README.md" />
  </Folder>
  <Project Path="DiffingApi.IntegrationTests/DiffingApi.IntegrationTests.csproj" />
  <Project Path="DiffingApi.UnitTests/DiffingApi.UnitTests.csproj" />
  <Project Path="DiffingApi/DiffingApi.csproj" />
</Solution>
